Microsoft Visual Studio Solution File, Format Version 12.00
# Visual Studio 15
VisualStudioVersion = 15.0.28307.779
MinimumVisualStudioVersion = 10.0.40219.1
Project("{FAE04EC0-301F-11D3-BF4B-00C04F79EFBC}") = "Kalect.Android", "Kalect.Android\Kalect.Android.csproj", "{731D8EE4-B3D9-4E97-BBF0-1595ACD6B8C4}"
EndProject
Project("{FAE04EC0-301F-11D3-BF4B-00C04F79EFBC}") = "Kalect.iOS", "Kalect.iOS\Kalect.iOS.csproj", "{635EAC9A-7F3C-4B1B-8500-00E200D011C8}"
EndProject
Project("{FAE04EC0-301F-11D3-BF4B-00C04F79EFBC}") = "Kalect.UITests", "Kalect.UITests\Kalect.UITests.csproj", "{B19C892E-2628-4CA7-AD27-08D406A3B14B}"
EndProject
Project("{9A19103F-16F7-4668-BE54-9A1E7A4F7556}") = "Kalect", "Kalect\Kalect.csproj", "{D0620F94-23BD-4CB0-8151-14EF82A0A201}"
EndProject
Project("{9A19103F-16F7-4668-BE54-9A1E7A4F7556}") = "DataCollection", "DataCollection\DataCollection.csproj", "{C3A169EC-664C-4F5F-8A51-2F3C8B9F32A0}"
EndProject
Project("{FAE04EC0-301F-11D3-BF4B-00C04F79EFBC}") = "Kalect.Services", "Kalect.Services\Kalect.Services.csproj", "{FB022F14-1E60-4A6E-B974-3E9FAE408FB8}"
EndProject
Project("{FAE04EC0-301F-11D3-BF4B-00C04F79EFBC}") = "Kalect.Constants", "Kalect.Constants\Kalect.Constants.csproj", "{06D966C0-3217-4A5B-A89A-370E9FAEE496}"
EndProject
Project("{9A19103F-16F7-4668-BE54-9A1E7A4F7556}") = "Kalect.Services.Test", "Kalect.Services.Test\Kalect.Services.Test.csproj", "{2B50721C-F735-404C-B8D6-6E239368327F}"
EndProject
Project("{9A19103F-16F7-4668-BE54-9A1E7A4F7556}") = "Kalect.IntegrationServices", "Kalect.IntegrationServices\Kalect.IntegrationServices.csproj", "{EFA63FD3-7E6C-4ADD-A8C5-A28B1E0F6C22}"
EndProject
Global
	GlobalSection(SolutionConfigurationPlatforms) = preSolution
		Ad-Hoc|Any CPU = Ad-Hoc|Any CPU
		Ad-Hoc|iPhone = Ad-Hoc|iPhone
		Ad-Hoc|iPhoneSimulator = Ad-Hoc|iPhoneSimulator
		AppStore|Any CPU = AppStore|Any CPU
		AppStore|iPhone = AppStore|iPhone
		AppStore|iPhoneSimulator = AppStore|iPhoneSimulator
		Debug|Any CPU = Debug|Any CPU
		Debug|iPhone = Debug|iPhone
		Debug|iPhoneSimulator = Debug|iPhoneSimulator
		Release|Any CPU = Release|Any CPU
		Release|iPhone = Release|iPhone
		Release|iPhoneSimulator = Release|iPhoneSimulator
	EndGlobalSection
	GlobalSection(ProjectConfigurationPlatforms) = postSolution
		{731D8EE4-B3D9-4E97-BBF0-1595ACD6B8C4}.Ad-Hoc|Any CPU.ActiveCfg = Release|Any CPU
		{731D8EE4-B3D9-4E97-BBF0-1595ACD6B8C4}.Ad-Hoc|Any CPU.Build.0 = Release|Any CPU
		{731D8EE4-B3D9-4E97-BBF0-1595ACD6B8C4}.Ad-Hoc|Any CPU.Deploy.0 = Release|Any CPU
		{731D8EE4-B3D9-4E97-BBF0-1595ACD6B8C4}.Ad-Hoc|iPhone.ActiveCfg = Debug|Any CPU
		{731D8EE4-B3D9-4E97-BBF0-1595ACD6B8C4}.Ad-Hoc|iPhoneSimulator.ActiveCfg = Release|Any CPU
		{731D8EE4-B3D9-4E97-BBF0-1595ACD6B8C4}.Ad-Hoc|iPhoneSimulator.Build.0 = Release|Any CPU
		{731D8EE4-B3D9-4E97-BBF0-1595ACD6B8C4}.Ad-Hoc|iPhoneSimulator.Deploy.0 = Release|Any CPU
		{731D8EE4-B3D9-4E97-BBF0-1595ACD6B8C4}.AppStore|Any CPU.ActiveCfg = Release|Any CPU
		{731D8EE4-B3D9-4E97-BBF0-1595ACD6B8C4}.AppStore|Any CPU.Build.0 = Release|Any CPU
		{731D8EE4-B3D9-4E97-BBF0-1595ACD6B8C4}.AppStore|Any CPU.Deploy.0 = Release|Any CPU
		{731D8EE4-B3D9-4E97-BBF0-1595ACD6B8C4}.AppStore|iPhone.ActiveCfg = Debug|Any CPU
		{731D8EE4-B3D9-4E97-BBF0-1595ACD6B8C4}.AppStore|iPhone.Build.0 = Debug|Any CPU
		{731D8EE4-B3D9-4E97-BBF0-1595ACD6B8C4}.AppStore|iPhoneSimulator.ActiveCfg = Release|Any CPU
		{731D8EE4-B3D9-4E97-BBF0-1595ACD6B8C4}.AppStore|iPhoneSimulator.Build.0 = Release|Any CPU
		{731D8EE4-B3D9-4E97-BBF0-1595ACD6B8C4}.AppStore|iPhoneSimulator.Deploy.0 = Release|Any CPU
		{731D8EE4-B3D9-4E97-BBF0-1595ACD6B8C4}.Debug|Any CPU.ActiveCfg = Debug|Any CPU
		{731D8EE4-B3D9-4E97-BBF0-1595ACD6B8C4}.Debug|Any CPU.Build.0 = Debug|Any CPU
		{731D8EE4-B3D9-4E97-BBF0-1595ACD6B8C4}.Debug|Any CPU.Deploy.0 = Debug|Any CPU
		{731D8EE4-B3D9-4E97-BBF0-1595ACD6B8C4}.Debug|iPhone.ActiveCfg = Debug|Any CPU
		{731D8EE4-B3D9-4E97-BBF0-1595ACD6B8C4}.Debug|iPhone.Build.0 = Debug|Any CPU
		{731D8EE4-B3D9-4E97-BBF0-1595ACD6B8C4}.Debug|iPhoneSimulator.ActiveCfg = Debug|Any CPU
		{731D8EE4-B3D9-4E97-BBF0-1595ACD6B8C4}.Debug|iPhoneSimulator.Build.0 = Debug|Any CPU
		{731D8EE4-B3D9-4E97-BBF0-1595ACD6B8C4}.Debug|iPhoneSimulator.Deploy.0 = Debug|Any CPU
		{731D8EE4-B3D9-4E97-BBF0-1595ACD6B8C4}.Release|Any CPU.ActiveCfg = Release|Any CPU
		{731D8EE4-B3D9-4E97-BBF0-1595ACD6B8C4}.Release|Any CPU.Build.0 = Release|Any CPU
		{731D8EE4-B3D9-4E97-BBF0-1595ACD6B8C4}.Release|Any CPU.Deploy.0 = Release|Any CPU
		{731D8EE4-B3D9-4E97-BBF0-1595ACD6B8C4}.Release|iPhone.ActiveCfg = Release|Any CPU
		{731D8EE4-B3D9-4E97-BBF0-1595ACD6B8C4}.Release|iPhone.Build.0 = Release|Any CPU
		{731D8EE4-B3D9-4E97-BBF0-1595ACD6B8C4}.Release|iPhoneSimulator.ActiveCfg = Release|Any CPU
		{731D8EE4-B3D9-4E97-BBF0-1595ACD6B8C4}.Release|iPhoneSimulator.Build.0 = Release|Any CPU
		{635EAC9A-7F3C-4B1B-8500-00E200D011C8}.Ad-Hoc|Any CPU.ActiveCfg = Ad-Hoc|iPhoneSimulator
		{635EAC9A-7F3C-4B1B-8500-00E200D011C8}.Ad-Hoc|iPhone.ActiveCfg = Ad-Hoc|iPhone
		{635EAC9A-7F3C-4B1B-8500-00E200D011C8}.Ad-Hoc|iPhone.Build.0 = Ad-Hoc|iPhone
		{635EAC9A-7F3C-4B1B-8500-00E200D011C8}.Ad-Hoc|iPhoneSimulator.ActiveCfg = Ad-Hoc|iPhoneSimulator
		{635EAC9A-7F3C-4B1B-8500-00E200D011C8}.Ad-Hoc|iPhoneSimulator.Build.0 = Ad-Hoc|iPhoneSimulator
		{635EAC9A-7F3C-4B1B-8500-00E200D011C8}.AppStore|Any CPU.ActiveCfg = AppStore|iPhoneSimulator
		{635EAC9A-7F3C-4B1B-8500-00E200D011C8}.AppStore|iPhone.ActiveCfg = AppStore|iPhone
		{635EAC9A-7F3C-4B1B-8500-00E200D011C8}.AppStore|iPhone.Build.0 = AppStore|iPhone
		{635EAC9A-7F3C-4B1B-8500-00E200D011C8}.AppStore|iPhoneSimulator.ActiveCfg = AppStore|iPhoneSimulator
		{635EAC9A-7F3C-4B1B-8500-00E200D011C8}.AppStore|iPhoneSimulator.Build.0 = AppStore|iPhoneSimulator
		{635EAC9A-7F3C-4B1B-8500-00E200D011C8}.Debug|Any CPU.ActiveCfg = Debug|iPhoneSimulator
		{635EAC9A-7F3C-4B1B-8500-00E200D011C8}.Debug|Any CPU.Build.0 = Debug|iPhoneSimulator
		{635EAC9A-7F3C-4B1B-8500-00E200D011C8}.Debug|iPhone.ActiveCfg = Debug|iPhone
		{635EAC9A-7F3C-4B1B-8500-00E200D011C8}.Debug|iPhone.Build.0 = Debug|iPhone
		{635EAC9A-7F3C-4B1B-8500-00E200D011C8}.Debug|iPhoneSimulator.ActiveCfg = Debug|iPhoneSimulator
		{635EAC9A-7F3C-4B1B-8500-00E200D011C8}.Debug|iPhoneSimulator.Build.0 = Debug|iPhoneSimulator
		{635EAC9A-7F3C-4B1B-8500-00E200D011C8}.Release|Any CPU.ActiveCfg = Release|iPhoneSimulator
		{635EAC9A-7F3C-4B1B-8500-00E200D011C8}.Release|Any CPU.Build.0 = Release|iPhoneSimulator
		{635EAC9A-7F3C-4B1B-8500-00E200D011C8}.Release|iPhone.ActiveCfg = Release|iPhone
		{635EAC9A-7F3C-4B1B-8500-00E200D011C8}.Release|iPhone.Build.0 = Release|iPhone
		{635EAC9A-7F3C-4B1B-8500-00E200D011C8}.Release|iPhoneSimulator.ActiveCfg = Release|iPhoneSimulator
		{635EAC9A-7F3C-4B1B-8500-00E200D011C8}.Release|iPhoneSimulator.Build.0 = Release|iPhoneSimulator
		{B19C892E-2628-4CA7-AD27-08D406A3B14B}.Ad-Hoc|Any CPU.ActiveCfg = Release|Any CPU
		{B19C892E-2628-4CA7-AD27-08D406A3B14B}.Ad-Hoc|Any CPU.Build.0 = Release|Any CPU
		{B19C892E-2628-4CA7-AD27-08D406A3B14B}.Ad-Hoc|iPhone.ActiveCfg = Debug|Any CPU
		{B19C892E-2628-4CA7-AD27-08D406A3B14B}.Ad-Hoc|iPhone.Build.0 = Debug|Any CPU
		{B19C892E-2628-4CA7-AD27-08D406A3B14B}.Ad-Hoc|iPhoneSimulator.ActiveCfg = Release|Any CPU
		{B19C892E-2628-4CA7-AD27-08D406A3B14B}.Ad-Hoc|iPhoneSimulator.Build.0 = Release|Any CPU
		{B19C892E-2628-4CA7-AD27-08D406A3B14B}.AppStore|Any CPU.ActiveCfg = Release|Any CPU
		{B19C892E-2628-4CA7-AD27-08D406A3B14B}.AppStore|Any CPU.Build.0 = Release|Any CPU
		{B19C892E-2628-4CA7-AD27-08D406A3B14B}.AppStore|iPhone.ActiveCfg = Debug|Any CPU
		{B19C892E-2628-4CA7-AD27-08D406A3B14B}.AppStore|iPhone.Build.0 = Debug|Any CPU
		{B19C892E-2628-4CA7-AD27-08D406A3B14B}.AppStore|iPhoneSimulator.ActiveCfg = Release|Any CPU
		{B19C892E-2628-4CA7-AD27-08D406A3B14B}.AppStore|iPhoneSimulator.Build.0 = Release|Any CPU
		{B19C892E-2628-4CA7-AD27-08D406A3B14B}.Debug|Any CPU.ActiveCfg = Debug|Any CPU
		{B19C892E-2628-4CA7-AD27-08D406A3B14B}.Debug|Any CPU.Build.0 = Debug|Any CPU
		{B19C892E-2628-4CA7-AD27-08D406A3B14B}.Debug|iPhone.ActiveCfg = Debug|Any CPU
		{B19C892E-2628-4CA7-AD27-08D406A3B14B}.Debug|iPhone.Build.0 = Debug|Any CPU
		{B19C892E-2628-4CA7-AD27-08D406A3B14B}.Debug|iPhoneSimulator.ActiveCfg = Debug|Any CPU
		{B19C892E-2628-4CA7-AD27-08D406A3B14B}.Debug|iPhoneSimulator.Build.0 = Debug|Any CPU
		{B19C892E-2628-4CA7-AD27-08D406A3B14B}.Release|Any CPU.ActiveCfg = Release|Any CPU
		{B19C892E-2628-4CA7-AD27-08D406A3B14B}.Release|Any CPU.Build.0 = Release|Any CPU
		{B19C892E-2628-4CA7-AD27-08D406A3B14B}.Release|iPhone.ActiveCfg = Release|Any CPU
		{B19C892E-2628-4CA7-AD27-08D406A3B14B}.Release|iPhone.Build.0 = Release|Any CPU
		{B19C892E-2628-4CA7-AD27-08D406A3B14B}.Release|iPhoneSimulator.ActiveCfg = Release|Any CPU
		{B19C892E-2628-4CA7-AD27-08D406A3B14B}.Release|iPhoneSimulator.Build.0 = Release|Any CPU
		{D0620F94-23BD-4CB0-8151-14EF82A0A201}.Ad-Hoc|Any CPU.ActiveCfg = Release|Any CPU
		{D0620F94-23BD-4CB0-8151-14EF82A0A201}.Ad-Hoc|Any CPU.Build.0 = Release|Any CPU
		{D0620F94-23BD-4CB0-8151-14EF82A0A201}.Ad-Hoc|iPhone.ActiveCfg = Debug|Any CPU
		{D0620F94-23BD-4CB0-8151-14EF82A0A201}.Ad-Hoc|iPhone.Build.0 = Debug|Any CPU
		{D0620F94-23BD-4CB0-8151-14EF82A0A201}.Ad-Hoc|iPhoneSimulator.ActiveCfg = Release|Any CPU
		{D0620F94-23BD-4CB0-8151-14EF82A0A201}.Ad-Hoc|iPhoneSimulator.Build.0 = Release|Any CPU
		{D0620F94-23BD-4CB0-8151-14EF82A0A201}.AppStore|Any CPU.ActiveCfg = Release|Any CPU
		{D0620F94-23BD-4CB0-8151-14EF82A0A201}.AppStore|Any CPU.Build.0 = Release|Any CPU
		{D0620F94-23BD-4CB0-8151-14EF82A0A201}.AppStore|iPhone.ActiveCfg = Debug|Any CPU
		{D0620F94-23BD-4CB0-8151-14EF82A0A201}.AppStore|iPhone.Build.0 = Debug|Any CPU
		{D0620F94-23BD-4CB0-8151-14EF82A0A201}.AppStore|iPhoneSimulator.ActiveCfg = Release|Any CPU
		{D0620F94-23BD-4CB0-8151-14EF82A0A201}.AppStore|iPhoneSimulator.Build.0 = Release|Any CPU
		{D0620F94-23BD-4CB0-8151-14EF82A0A201}.Debug|Any CPU.ActiveCfg = Debug|Any CPU
		{D0620F94-23BD-4CB0-8151-14EF82A0A201}.Debug|Any CPU.Build.0 = Debug|Any CPU
		{D0620F94-23BD-4CB0-8151-14EF82A0A201}.Debug|iPhone.ActiveCfg = Debug|Any CPU
		{D0620F94-23BD-4CB0-8151-14EF82A0A201}.Debug|iPhone.Build.0 = Debug|Any CPU
		{D0620F94-23BD-4CB0-8151-14EF82A0A201}.Debug|iPhoneSimulator.ActiveCfg = Debug|Any CPU
		{D0620F94-23BD-4CB0-8151-14EF82A0A201}.Debug|iPhoneSimulator.Build.0 = Debug|Any CPU
		{D0620F94-23BD-4CB0-8151-14EF82A0A201}.Release|Any CPU.ActiveCfg = Release|Any CPU
		{D0620F94-23BD-4CB0-8151-14EF82A0A201}.Release|Any CPU.Build.0 = Release|Any CPU
		{D0620F94-23BD-4CB0-8151-14EF82A0A201}.Release|iPhone.ActiveCfg = Release|Any CPU
		{D0620F94-23BD-4CB0-8151-14EF82A0A201}.Release|iPhone.Build.0 = Release|Any CPU
		{D0620F94-23BD-4CB0-8151-14EF82A0A201}.Release|iPhoneSimulator.ActiveCfg = Release|Any CPU
		{D0620F94-23BD-4CB0-8151-14EF82A0A201}.Release|iPhoneSimulator.Build.0 = Release|Any CPU
		{C3A169EC-664C-4F5F-8A51-2F3C8B9F32A0}.Ad-Hoc|Any CPU.ActiveCfg = Debug|Any CPU
		{C3A169EC-664C-4F5F-8A51-2F3C8B9F32A0}.Ad-Hoc|Any CPU.Build.0 = Debug|Any CPU
		{C3A169EC-664C-4F5F-8A51-2F3C8B9F32A0}.Ad-Hoc|iPhone.ActiveCfg = Release|Any CPU
		{C3A169EC-664C-4F5F-8A51-2F3C8B9F32A0}.Ad-Hoc|iPhone.Build.0 = Release|Any CPU
		{C3A169EC-664C-4F5F-8A51-2F3C8B9F32A0}.Ad-Hoc|iPhoneSimulator.ActiveCfg = Debug|Any CPU
		{C3A169EC-664C-4F5F-8A51-2F3C8B9F32A0}.Ad-Hoc|iPhoneSimulator.Build.0 = Debug|Any CPU
		{C3A169EC-664C-4F5F-8A51-2F3C8B9F32A0}.AppStore|Any CPU.ActiveCfg = Debug|Any CPU
		{C3A169EC-664C-4F5F-8A51-2F3C8B9F32A0}.AppStore|Any CPU.Build.0 = Debug|Any CPU
		{C3A169EC-664C-4F5F-8A51-2F3C8B9F32A0}.AppStore|iPhone.ActiveCfg = Release|Any CPU
		{C3A169EC-664C-4F5F-8A51-2F3C8B9F32A0}.AppStore|iPhone.Build.0 = Release|Any CPU
		{C3A169EC-664C-4F5F-8A51-2F3C8B9F32A0}.AppStore|iPhoneSimulator.ActiveCfg = Debug|Any CPU
		{C3A169EC-664C-4F5F-8A51-2F3C8B9F32A0}.AppStore|iPhoneSimulator.Build.0 = Debug|Any CPU
		{C3A169EC-664C-4F5F-8A51-2F3C8B9F32A0}.Debug|Any CPU.ActiveCfg = Debug|Any CPU
		{C3A169EC-664C-4F5F-8A51-2F3C8B9F32A0}.Debug|Any CPU.Build.0 = Debug|Any CPU
		{C3A169EC-664C-4F5F-8A51-2F3C8B9F32A0}.Debug|iPhone.ActiveCfg = Debug|Any CPU
		{C3A169EC-664C-4F5F-8A51-2F3C8B9F32A0}.Debug|iPhone.Build.0 = Debug|Any CPU
		{C3A169EC-664C-4F5F-8A51-2F3C8B9F32A0}.Debug|iPhoneSimulator.ActiveCfg = Debug|Any CPU
		{C3A169EC-664C-4F5F-8A51-2F3C8B9F32A0}.Debug|iPhoneSimulator.Build.0 = Debug|Any CPU
		{C3A169EC-664C-4F5F-8A51-2F3C8B9F32A0}.Release|Any CPU.ActiveCfg = Release|Any CPU
		{C3A169EC-664C-4F5F-8A51-2F3C8B9F32A0}.Release|Any CPU.Build.0 = Release|Any CPU
		{C3A169EC-664C-4F5F-8A51-2F3C8B9F32A0}.Release|iPhone.ActiveCfg = Release|Any CPU
		{C3A169EC-664C-4F5F-8A51-2F3C8B9F32A0}.Release|iPhone.Build.0 = Release|Any CPU
		{C3A169EC-664C-4F5F-8A51-2F3C8B9F32A0}.Release|iPhoneSimulator.ActiveCfg = Release|Any CPU
		{C3A169EC-664C-4F5F-8A51-2F3C8B9F32A0}.Release|iPhoneSimulator.Build.0 = Release|Any CPU
		{FB022F14-1E60-4A6E-B974-3E9FAE408FB8}.Ad-Hoc|Any CPU.ActiveCfg = Debug|Any CPU
		{FB022F14-1E60-4A6E-B974-3E9FAE408FB8}.Ad-Hoc|Any CPU.Build.0 = Debug|Any CPU
		{FB022F14-1E60-4A6E-B974-3E9FAE408FB8}.Ad-Hoc|iPhone.ActiveCfg = Release|Any CPU
		{FB022F14-1E60-4A6E-B974-3E9FAE408FB8}.Ad-Hoc|iPhone.Build.0 = Release|Any CPU
		{FB022F14-1E60-4A6E-B974-3E9FAE408FB8}.Ad-Hoc|iPhoneSimulator.ActiveCfg = Debug|Any CPU
		{FB022F14-1E60-4A6E-B974-3E9FAE408FB8}.Ad-Hoc|iPhoneSimulator.Build.0 = Debug|Any CPU
		{FB022F14-1E60-4A6E-B974-3E9FAE408FB8}.AppStore|Any CPU.ActiveCfg = Debug|Any CPU
		{FB022F14-1E60-4A6E-B974-3E9FAE408FB8}.AppStore|Any CPU.Build.0 = Debug|Any CPU
		{FB022F14-1E60-4A6E-B974-3E9FAE408FB8}.AppStore|iPhone.ActiveCfg = Release|Any CPU
		{FB022F14-1E60-4A6E-B974-3E9FAE408FB8}.AppStore|iPhone.Build.0 = Release|Any CPU
		{FB022F14-1E60-4A6E-B974-3E9FAE408FB8}.AppStore|iPhoneSimulator.ActiveCfg = Debug|Any CPU
		{FB022F14-1E60-4A6E-B974-3E9FAE408FB8}.AppStore|iPhoneSimulator.Build.0 = Debug|Any CPU
		{FB022F14-1E60-4A6E-B974-3E9FAE408FB8}.Debug|Any CPU.ActiveCfg = Debug|Any CPU
		{FB022F14-1E60-4A6E-B974-3E9FAE408FB8}.Debug|Any CPU.Build.0 = Debug|Any CPU
		{FB022F14-1E60-4A6E-B974-3E9FAE408FB8}.Debug|iPhone.ActiveCfg = Debug|Any CPU
		{FB022F14-1E60-4A6E-B974-3E9FAE408FB8}.Debug|iPhone.Build.0 = Debug|Any CPU
		{FB022F14-1E60-4A6E-B974-3E9FAE408FB8}.Debug|iPhoneSimulator.ActiveCfg = Debug|Any CPU
		{FB022F14-1E60-4A6E-B974-3E9FAE408FB8}.Debug|iPhoneSimulator.Build.0 = Debug|Any CPU
		{FB022F14-1E60-4A6E-B974-3E9FAE408FB8}.Release|Any CPU.ActiveCfg = Release|Any CPU
		{FB022F14-1E60-4A6E-B974-3E9FAE408FB8}.Release|Any CPU.Build.0 = Release|Any CPU
		{FB022F14-1E60-4A6E-B974-3E9FAE408FB8}.Release|iPhone.ActiveCfg = Release|Any CPU
		{FB022F14-1E60-4A6E-B974-3E9FAE408FB8}.Release|iPhone.Build.0 = Release|Any CPU
		{FB022F14-1E60-4A6E-B974-3E9FAE408FB8}.Release|iPhoneSimulator.ActiveCfg = Release|Any CPU
		{FB022F14-1E60-4A6E-B974-3E9FAE408FB8}.Release|iPhoneSimulator.Build.0 = Release|Any CPU
		{06D966C0-3217-4A5B-A89A-370E9FAEE496}.Ad-Hoc|Any CPU.ActiveCfg = Debug|Any CPU
		{06D966C0-3217-4A5B-A89A-370E9FAEE496}.Ad-Hoc|Any CPU.Build.0 = Debug|Any CPU
		{06D966C0-3217-4A5B-A89A-370E9FAEE496}.Ad-Hoc|iPhone.ActiveCfg = Release|Any CPU
		{06D966C0-3217-4A5B-A89A-370E9FAEE496}.Ad-Hoc|iPhone.Build.0 = Release|Any CPU
		{06D966C0-3217-4A5B-A89A-370E9FAEE496}.Ad-Hoc|iPhoneSimulator.ActiveCfg = Debug|Any CPU
		{06D966C0-3217-4A5B-A89A-370E9FAEE496}.Ad-Hoc|iPhoneSimulator.Build.0 = Debug|Any CPU
		{06D966C0-3217-4A5B-A89A-370E9FAEE496}.AppStore|Any CPU.ActiveCfg = Debug|Any CPU
		{06D966C0-3217-4A5B-A89A-370E9FAEE496}.AppStore|Any CPU.Build.0 = Debug|Any CPU
		{06D966C0-3217-4A5B-A89A-370E9FAEE496}.AppStore|iPhone.ActiveCfg = Release|Any CPU
		{06D966C0-3217-4A5B-A89A-370E9FAEE496}.AppStore|iPhone.Build.0 = Release|Any CPU
		{06D966C0-3217-4A5B-A89A-370E9FAEE496}.AppStore|iPhoneSimulator.ActiveCfg = Debug|Any CPU
		{06D966C0-3217-4A5B-A89A-370E9FAEE496}.AppStore|iPhoneSimulator.Build.0 = Debug|Any CPU
		{06D966C0-3217-4A5B-A89A-370E9FAEE496}.Debug|Any CPU.ActiveCfg = Debug|Any CPU
		{06D966C0-3217-4A5B-A89A-370E9FAEE496}.Debug|Any CPU.Build.0 = Debug|Any CPU
		{06D966C0-3217-4A5B-A89A-370E9FAEE496}.Debug|iPhone.ActiveCfg = Debug|Any CPU
		{06D966C0-3217-4A5B-A89A-370E9FAEE496}.Debug|iPhone.Build.0 = Debug|Any CPU
		{06D966C0-3217-4A5B-A89A-370E9FAEE496}.Debug|iPhoneSimulator.ActiveCfg = Debug|Any CPU
		{06D966C0-3217-4A5B-A89A-370E9FAEE496}.Debug|iPhoneSimulator.Build.0 = Debug|Any CPU
		{06D966C0-3217-4A5B-A89A-370E9FAEE496}.Release|Any CPU.ActiveCfg = Release|Any CPU
		{06D966C0-3217-4A5B-A89A-370E9FAEE496}.Release|Any CPU.Build.0 = Release|Any CPU
		{06D966C0-3217-4A5B-A89A-370E9FAEE496}.Release|iPhone.ActiveCfg = Release|Any CPU
		{06D966C0-3217-4A5B-A89A-370E9FAEE496}.Release|iPhone.Build.0 = Release|Any CPU
		{06D966C0-3217-4A5B-A89A-370E9FAEE496}.Release|iPhoneSimulator.ActiveCfg = Release|Any CPU
		{06D966C0-3217-4A5B-A89A-370E9FAEE496}.Release|iPhoneSimulator.Build.0 = Release|Any CPU
		{2B50721C-F735-404C-B8D6-6E239368327F}.Ad-Hoc|Any CPU.ActiveCfg = Debug|Any CPU
		{2B50721C-F735-404C-B8D6-6E239368327F}.Ad-Hoc|Any CPU.Build.0 = Debug|Any CPU
		{2B50721C-F735-404C-B8D6-6E239368327F}.Ad-Hoc|iPhone.ActiveCfg = Release|Any CPU
		{2B50721C-F735-404C-B8D6-6E239368327F}.Ad-Hoc|iPhone.Build.0 = Release|Any CPU
		{2B50721C-F735-404C-B8D6-6E239368327F}.Ad-Hoc|iPhoneSimulator.ActiveCfg = Debug|Any CPU
		{2B50721C-F735-404C-B8D6-6E239368327F}.Ad-Hoc|iPhoneSimulator.Build.0 = Debug|Any CPU
		{2B50721C-F735-404C-B8D6-6E239368327F}.AppStore|Any CPU.ActiveCfg = Debug|Any CPU
		{2B50721C-F735-404C-B8D6-6E239368327F}.AppStore|Any CPU.Build.0 = Debug|Any CPU
		{2B50721C-F735-404C-B8D6-6E239368327F}.AppStore|iPhone.ActiveCfg = Release|Any CPU
		{2B50721C-F735-404C-B8D6-6E239368327F}.AppStore|iPhone.Build.0 = Release|Any CPU
		{2B50721C-F735-404C-B8D6-6E239368327F}.AppStore|iPhoneSimulator.ActiveCfg = Debug|Any CPU
		{2B50721C-F735-404C-B8D6-6E239368327F}.AppStore|iPhoneSimulator.Build.0 = Debug|Any CPU
		{2B50721C-F735-404C-B8D6-6E239368327F}.Debug|Any CPU.ActiveCfg = Debug|Any CPU
		{2B50721C-F735-404C-B8D6-6E239368327F}.Debug|Any CPU.Build.0 = Debug|Any CPU
		{2B50721C-F735-404C-B8D6-6E239368327F}.Debug|iPhone.ActiveCfg = Debug|Any CPU
		{2B50721C-F735-404C-B8D6-6E239368327F}.Debug|iPhone.Build.0 = Debug|Any CPU
		{2B50721C-F735-404C-B8D6-6E239368327F}.Debug|iPhoneSimulator.ActiveCfg = Debug|Any CPU
		{2B50721C-F735-404C-B8D6-6E239368327F}.Debug|iPhoneSimulator.Build.0 = Debug|Any CPU
		{2B50721C-F735-404C-B8D6-6E239368327F}.Release|Any CPU.ActiveCfg = Release|Any CPU
		{2B50721C-F735-404C-B8D6-6E239368327F}.Release|Any CPU.Build.0 = Release|Any CPU
		{2B50721C-F735-404C-B8D6-6E239368327F}.Release|iPhone.ActiveCfg = Release|Any CPU
		{2B50721C-F735-404C-B8D6-6E239368327F}.Release|iPhone.Build.0 = Release|Any CPU
		{2B50721C-F735-404C-B8D6-6E239368327F}.Release|iPhoneSimulator.ActiveCfg = Release|Any CPU
		{2B50721C-F735-404C-B8D6-6E239368327F}.Release|iPhoneSimulator.Build.0 = Release|Any CPU
		{EFA63FD3-7E6C-4ADD-A8C5-A28B1E0F6C22}.Ad-Hoc|Any CPU.ActiveCfg = Debug|Any CPU
		{EFA63FD3-7E6C-4ADD-A8C5-A28B1E0F6C22}.Ad-Hoc|Any CPU.Build.0 = Debug|Any CPU
		{EFA63FD3-7E6C-4ADD-A8C5-A28B1E0F6C22}.Ad-Hoc|iPhone.ActiveCfg = Release|Any CPU
		{EFA63FD3-7E6C-4ADD-A8C5-A28B1E0F6C22}.Ad-Hoc|iPhone.Build.0 = Release|Any CPU
		{EFA63FD3-7E6C-4ADD-A8C5-A28B1E0F6C22}.Ad-Hoc|iPhoneSimulator.ActiveCfg = Debug|Any CPU
		{EFA63FD3-7E6C-4ADD-A8C5-A28B1E0F6C22}.Ad-Hoc|iPhoneSimulator.Build.0 = Debug|Any CPU
		{EFA63FD3-7E6C-4ADD-A8C5-A28B1E0F6C22}.AppStore|Any CPU.ActiveCfg = Debug|Any CPU
		{EFA63FD3-7E6C-4ADD-A8C5-A28B1E0F6C22}.AppStore|Any CPU.Build.0 = Debug|Any CPU
		{EFA63FD3-7E6C-4ADD-A8C5-A28B1E0F6C22}.AppStore|iPhone.ActiveCfg = Release|Any CPU
		{EFA63FD3-7E6C-4ADD-A8C5-A28B1E0F6C22}.AppStore|iPhone.Build.0 = Release|Any CPU
		{EFA63FD3-7E6C-4ADD-A8C5-A28B1E0F6C22}.AppStore|iPhoneSimulator.ActiveCfg = Debug|Any CPU
		{EFA63FD3-7E6C-4ADD-A8C5-A28B1E0F6C22}.AppStore|iPhoneSimulator.Build.0 = Debug|Any CPU
		{EFA63FD3-7E6C-4ADD-A8C5-A28B1E0F6C22}.Debug|Any CPU.ActiveCfg = Debug|Any CPU
		{EFA63FD3-7E6C-4ADD-A8C5-A28B1E0F6C22}.Debug|Any CPU.Build.0 = Debug|Any CPU
		{EFA63FD3-7E6C-4ADD-A8C5-A28B1E0F6C22}.Debug|iPhone.ActiveCfg = Debug|Any CPU
		{EFA63FD3-7E6C-4ADD-A8C5-A28B1E0F6C22}.Debug|iPhone.Build.0 = Debug|Any CPU
		{EFA63FD3-7E6C-4ADD-A8C5-A28B1E0F6C22}.Debug|iPhoneSimulator.ActiveCfg = Debug|Any CPU
		{EFA63FD3-7E6C-4ADD-A8C5-A28B1E0F6C22}.Debug|iPhoneSimulator.Build.0 = Debug|Any CPU
		{EFA63FD3-7E6C-4ADD-A8C5-A28B1E0F6C22}.Release|Any CPU.ActiveCfg = Release|Any CPU
		{EFA63FD3-7E6C-4ADD-A8C5-A28B1E0F6C22}.Release|Any CPU.Build.0 = Release|Any CPU
		{EFA63FD3-7E6C-4ADD-A8C5-A28B1E0F6C22}.Release|iPhone.ActiveCfg = Release|Any CPU
		{EFA63FD3-7E6C-4ADD-A8C5-A28B1E0F6C22}.Release|iPhone.Build.0 = Release|Any CPU
		{EFA63FD3-7E6C-4ADD-A8C5-A28B1E0F6C22}.Release|iPhoneSimulator.ActiveCfg = Release|Any CPU
		{EFA63FD3-7E6C-4ADD-A8C5-A28B1E0F6C22}.Release|iPhoneSimulator.Build.0 = Release|Any CPU
	EndGlobalSection
	GlobalSection(SolutionProperties) = preSolution
		HideSolutionNode = FALSE
	EndGlobalSection
	GlobalSection(ExtensibilityGlobals) = postSolution
		SolutionGuid = {6387BCEE-4B4F-4E03-B6D4-6C20EE7C3DD8}
	EndGlobalSection
	GlobalSection(TeamFoundationVersionControl) = preSolution
		SccNumberOfProjects = 8
		SccEnterpriseProvider = {4CA58AB2-18FA-4F8D-95D4-32DDF27D184C}
		SccTeamFoundationServer = https://reidotnetprojects.visualstudio.com/
		SccLocalPath0 = .
		SccProjectUniqueName1 = Kalect.Android\\Kalect.Android.csproj
		SccProjectName1 = Kalect.Android
		SccLocalPath1 = Kalect.Android
		SccProjectUniqueName2 = Kalect.iOS\\Kalect.iOS.csproj
		SccProjectName2 = Kalect.iOS
		SccLocalPath2 = Kalect.iOS
		SccProjectUniqueName3 = Kalect\\Kalect.csproj
		SccProjectName3 = Kalect
		SccLocalPath3 = Kalect
		SccProjectUniqueName4 = DataCollection\\DataCollection.csproj
		SccProjectName4 = DataCollection
		SccLocalPath4 = DataCollection
		SccProjectUniqueName5 = Kalect.Services\\Kalect.Services.csproj
		SccProjectName5 = Kalect.Services
		SccLocalPath5 = Kalect.Services
		SccProjectUniqueName6 = Kalect.Constants\\Kalect.Constants.csproj
		SccProjectName6 = Kalect.Constants
		SccLocalPath6 = Kalect.Constants
		SccProjectUniqueName7 = Kalect.IntegrationServices\\Kalect.IntegrationServices.csproj
		SccProjectName7 = Kalect.IntegrationServices
		SccLocalPath7 = Kalect.IntegrationServices
	EndGlobalSection
	GlobalSection(MonoDevelopProperties) = preSolution
		Policies = $0
		$0.DotNetNamingPolicy = $1
		$1.DirectoryNamespaceAssociation = PrefixedHierarchical
		$0.StandardHeader = $2
		$0.VersionControlPolicy = $3
	EndGlobalSection
EndGlobal
