
Microsoft Visual Studio Solution File, Format Version 12.00
# Visual Studio 2017
Project("{FAE04EC0-301F-11D3-BF4B-00C04F79EFBC}") = "Kalect", "Kalect.csproj", "{5559441B-50E7-4962-AF15-1A1CD252FC30}"
EndProject
Global
	GlobalSection(SolutionConfigurationPlatforms) = preSolution
		Debug|Any CPU = Debug|Any CPU
		Release|Any CPU = Release|Any CPU
	EndGlobalSection
	GlobalSection(ProjectConfigurationPlatforms) = postSolution
		{5559441B-50E7-4962-AF15-1A1CD252FC30}.Debug|Any CPU.ActiveCfg = Debug|Any CPU
		{5559441B-50E7-4962-AF15-1A1CD252FC30}.Debug|Any CPU.Build.0 = Debug|Any CPU
		{5559441B-50E7-4962-AF15-1A1CD252FC30}.Release|Any CPU.ActiveCfg = Release|Any CPU
		{5559441B-50E7-4962-AF15-1A1CD252FC30}.Release|Any CPU.Build.0 = Release|Any CPU
	EndGlobalSection
EndGlobal
